// !$*UTF8*$!
{
	archiveVersion = 1;
	classes = {
	};
	objectVersion = 46;
	objects = {

/* Begin PBXBuildFile section */
		586030310E8FB8A81F352B38 /* Authorization.m in Sources */ = {isa = PBXBuildFile; fileRef = 586037BF5ED2F535F31A089F /* Authorization.m */; };
		5860317340E2CCC159C2B965 /* ApiManager.m in Sources */ = {isa = PBXBuildFile; fileRef = 5860324325247E33991A1689 /* ApiManager.m */; };
		586031E333224417B7E8B77F /* Gravatar.m in Sources */ = {isa = PBXBuildFile; fileRef = 5860373888E1C3121E731611 /* Gravatar.m */; };
		5860352B37CEAA30179AA7E0 /* Commit.m in Sources */ = {isa = PBXBuildFile; fileRef = 58603173A2858B0E1FCA63E0 /* Commit.m */; };
		586035BC19373885C4049684 /* NSIndexPath+Array.m in Sources */ = {isa = PBXBuildFile; fileRef = 5860375565955BD2B6AFAF0C /* NSIndexPath+Array.m */; };
		5860389D3EC5BFFF69478C85 /* KeychainItem.m in Sources */ = {isa = PBXBuildFile; fileRef = 586036E846816016026B13EA /* KeychainItem.m */; };
		58603B32954399770616E522 /* LinkHTTPHeader.m in Sources */ = {isa = PBXBuildFile; fileRef = 586036130283780ED80153A9 /* LinkHTTPHeader.m */; };
		58603BB4999F35596D445A74 /* UITableViewCell+NIB.m in Sources */ = {isa = PBXBuildFile; fileRef = 58603A2405FC5972E32A93A5 /* UITableViewCell+NIB.m */; };
		58603F685483191FD7C262D4 /* Singletons.m in Sources */ = {isa = PBXBuildFile; fileRef = 5860314C9881608E0ABA952D /* Singletons.m */; };
		8447B82515F008C200111D08 /* AuthController.m in Sources */ = {isa = PBXBuildFile; fileRef = 8447B82215F008C200111D08 /* AuthController.m */; };
		8447B82615F008C200111D08 /* RepositoryListController.m in Sources */ = {isa = PBXBuildFile; fileRef = 8447B82415F008C200111D08 /* RepositoryListController.m */; };
		8447B82B15F008D000111D08 /* AuthController.xib in Resources */ = {isa = PBXBuildFile; fileRef = 8447B82915F008D000111D08 /* AuthController.xib */; };
		8447B82C15F008D000111D08 /* RepositoryListController.xib in Resources */ = {isa = PBXBuildFile; fileRef = 8447B82A15F008D000111D08 /* RepositoryListController.xib */; };
		8447B82E15F008DA00111D08 /* Options.plist in Resources */ = {isa = PBXBuildFile; fileRef = 8447B82D15F008DA00111D08 /* Options.plist */; };
		8447B84715F00B8400111D08 /* CFNetwork.framework in Frameworks */ = {isa = PBXBuildFile; fileRef = 8447B84615F00B8400111D08 /* CFNetwork.framework */; };
		8447B84915F00B9400111D08 /* CoreData.framework in Frameworks */ = {isa = PBXBuildFile; fileRef = 8447B84815F00B9400111D08 /* CoreData.framework */; };
		8447B84B15F00B9A00111D08 /* Security.framework in Frameworks */ = {isa = PBXBuildFile; fileRef = 8447B84A15F00B9A00111D08 /* Security.framework */; };
		8447B84D15F00BA200111D08 /* MobileCoreServices.framework in Frameworks */ = {isa = PBXBuildFile; fileRef = 8447B84C15F00BA200111D08 /* MobileCoreServices.framework */; };
		8447B84F15F00BA800111D08 /* SystemConfiguration.framework in Frameworks */ = {isa = PBXBuildFile; fileRef = 8447B84E15F00BA800111D08 /* SystemConfiguration.framework */; };
		8447B85115F00BB000111D08 /* libxml2.dylib in Frameworks */ = {isa = PBXBuildFile; fileRef = 8447B85015F00BB000111D08 /* libxml2.dylib */; };
		8447B85315F00BBD00111D08 /* QuartzCore.framework in Frameworks */ = {isa = PBXBuildFile; fileRef = 8447B85215F00BBD00111D08 /* QuartzCore.framework */; };
		8447B85415F00BC500111D08 /* libRestKit.a in Frameworks */ = {isa = PBXBuildFile; fileRef = 8447B83B15F00AFF00111D08 /* libRestKit.a */; };
		8497387615F2048A00B2A4B7 /* Repository.m in Sources */ = {isa = PBXBuildFile; fileRef = 8497387515F2048A00B2A4B7 /* Repository.m */; };
		8497387915F2077300B2A4B7 /* User.m in Sources */ = {isa = PBXBuildFile; fileRef = 8497387815F2077300B2A4B7 /* User.m */; };
		849738D415F2765E00B2A4B7 /* RepositoryController.m in Sources */ = {isa = PBXBuildFile; fileRef = 849738D315F2765E00B2A4B7 /* RepositoryController.m */; };
		849738D615F276E600B2A4B7 /* RepositoryController.xib in Resources */ = {isa = PBXBuildFile; fileRef = 849738D515F276E600B2A4B7 /* RepositoryController.xib */; };
		8497395415F28C6C00B2A4B7 /* libiphone_web.a in Frameworks */ = {isa = PBXBuildFile; fileRef = 8497391415F285DE00B2A4B7 /* libiphone_web.a */; };
		8497397E15F29A7B00B2A4B7 /* CommitListController.m in Sources */ = {isa = PBXBuildFile; fileRef = 8497397C15F29A7B00B2A4B7 /* CommitListController.m */; };
		8497397F15F29A7B00B2A4B7 /* CommitListController.xib in Resources */ = {isa = PBXBuildFile; fileRef = 8497397D15F29A7B00B2A4B7 /* CommitListController.xib */; };
		8497398315F2A11E00B2A4B7 /* CommitCell.m in Sources */ = {isa = PBXBuildFile; fileRef = 8497398215F2A11E00B2A4B7 /* CommitCell.m */; };
		8497398515F2A14F00B2A4B7 /* CommitCell.xib in Resources */ = {isa = PBXBuildFile; fileRef = 8497398415F2A14F00B2A4B7 /* CommitCell.xib */; };
		84AF23AD15EE9792003FE221 /* UIKit.framework in Frameworks */ = {isa = PBXBuildFile; fileRef = 84AF23AC15EE9792003FE221 /* UIKit.framework */; };
		84AF23AF15EE9792003FE221 /* Foundation.framework in Frameworks */ = {isa = PBXBuildFile; fileRef = 84AF23AE15EE9792003FE221 /* Foundation.framework */; };
		84AF23B115EE9792003FE221 /* CoreGraphics.framework in Frameworks */ = {isa = PBXBuildFile; fileRef = 84AF23B015EE9792003FE221 /* CoreGraphics.framework */; };
		84AF23B715EE9792003FE221 /* InfoPlist.strings in Resources */ = {isa = PBXBuildFile; fileRef = 84AF23B515EE9792003FE221 /* InfoPlist.strings */; };
		84AF23B915EE9792003FE221 /* main.m in Sources */ = {isa = PBXBuildFile; fileRef = 84AF23B815EE9792003FE221 /* main.m */; };
		84AF23BD15EE9792003FE221 /* AppDelegate.m in Sources */ = {isa = PBXBuildFile; fileRef = 84AF23BC15EE9792003FE221 /* AppDelegate.m */; };
/* End PBXBuildFile section */

/* Begin PBXContainerItemProxy section */
		8447B83A15F00AFF00111D08 /* PBXContainerItemProxy */ = {
			isa = PBXContainerItemProxy;
			containerPortal = 8447B82F15F00AFE00111D08 /* RestKit.xcodeproj */;
			proxyType = 2;
			remoteGlobalIDString = 25160D1614564E810060A5C5;
			remoteInfo = RestKit;
		};
		8447B83C15F00AFF00111D08 /* PBXContainerItemProxy */ = {
			isa = PBXContainerItemProxy;
			containerPortal = 8447B82F15F00AFE00111D08 /* RestKit.xcodeproj */;
			proxyType = 2;
			remoteGlobalIDString = 25160D2614564E820060A5C5;
			remoteInfo = RestKitTests;
		};
		8447B83E15F00AFF00111D08 /* PBXContainerItemProxy */ = {
			isa = PBXContainerItemProxy;
			containerPortal = 8447B82F15F00AFE00111D08 /* RestKit.xcodeproj */;
			proxyType = 2;
			remoteGlobalIDString = 25160E62145651060060A5C5;
			remoteInfo = RestKitFramework;
		};
		8447B84015F00AFF00111D08 /* PBXContainerItemProxy */ = {
			isa = PBXContainerItemProxy;
			containerPortal = 8447B82F15F00AFE00111D08 /* RestKit.xcodeproj */;
			proxyType = 2;
			remoteGlobalIDString = 25160E78145651060060A5C5;
			remoteInfo = RestKitFrameworkTests;
		};
		8447B84215F00AFF00111D08 /* PBXContainerItemProxy */ = {
			isa = PBXContainerItemProxy;
			containerPortal = 8447B82F15F00AFE00111D08 /* RestKit.xcodeproj */;
			proxyType = 2;
			remoteGlobalIDString = 259C301615128079003066A2;
			remoteInfo = RestKitResources;
		};
		8447B84415F00B6F00111D08 /* PBXContainerItemProxy */ = {
			isa = PBXContainerItemProxy;
			containerPortal = 8447B82F15F00AFE00111D08 /* RestKit.xcodeproj */;
			proxyType = 1;
			remoteGlobalIDString = 25160D1514564E810060A5C5;
			remoteInfo = RestKit;
		};
		8497391315F285DE00B2A4B7 /* PBXContainerItemProxy */ = {
			isa = PBXContainerItemProxy;
			containerPortal = 8497390B15F285DE00B2A4B7 /* iphone_web.xcodeproj */;
			proxyType = 2;
			remoteGlobalIDString = D2AAC07E0554694100DB518D;
			remoteInfo = iphone_web;
		};
		8497391515F285DE00B2A4B7 /* PBXContainerItemProxy */ = {
			isa = PBXContainerItemProxy;
			containerPortal = 8497390B15F285DE00B2A4B7 /* iphone_web.xcodeproj */;
			proxyType = 2;
			remoteGlobalIDString = B48FA1A0155E660E00A8597D;
			remoteInfo = mac_web;
		};
/* End PBXContainerItemProxy section */

/* Begin PBXFileReference section */
		5860304ADB0F269270DB73C7 /* Gravatar.h */ = {isa = PBXFileReference; fileEncoding = 4; lastKnownFileType = sourcecode.c.h; path = Gravatar.h; sourceTree = "<group>"; };
		5860314C9881608E0ABA952D /* Singletons.m */ = {isa = PBXFileReference; fileEncoding = 4; lastKnownFileType = sourcecode.c.objc; path = Singletons.m; sourceTree = "<group>"; };
		58603173A2858B0E1FCA63E0 /* Commit.m */ = {isa = PBXFileReference; fileEncoding = 4; lastKnownFileType = sourcecode.c.objc; path = Commit.m; sourceTree = "<group>"; };
		5860324325247E33991A1689 /* ApiManager.m */ = {isa = PBXFileReference; fileEncoding = 4; lastKnownFileType = sourcecode.c.objc; path = ApiManager.m; sourceTree = "<group>"; };
		58603336189D90E2165C315E /* Singletons.h */ = {isa = PBXFileReference; fileEncoding = 4; lastKnownFileType = sourcecode.c.h; path = Singletons.h; sourceTree = "<group>"; };
		586036130283780ED80153A9 /* LinkHTTPHeader.m */ = {isa = PBXFileReference; fileEncoding = 4; lastKnownFileType = sourcecode.c.objc; path = LinkHTTPHeader.m; sourceTree = "<group>"; };
		58603686A6841926BE43B123 /* ApiManager.h */ = {isa = PBXFileReference; fileEncoding = 4; lastKnownFileType = sourcecode.c.h; path = ApiManager.h; sourceTree = "<group>"; };
		586036E846816016026B13EA /* KeychainItem.m */ = {isa = PBXFileReference; fileEncoding = 4; lastKnownFileType = sourcecode.c.objc; path = KeychainItem.m; sourceTree = "<group>"; };
		5860373888E1C3121E731611 /* Gravatar.m */ = {isa = PBXFileReference; fileEncoding = 4; lastKnownFileType = sourcecode.c.objc; path = Gravatar.m; sourceTree = "<group>"; };
		5860375565955BD2B6AFAF0C /* NSIndexPath+Array.m */ = {isa = PBXFileReference; fileEncoding = 4; lastKnownFileType = sourcecode.c.objc; path = "NSIndexPath+Array.m"; sourceTree = "<group>"; };
		586037ADFAABDF50F282B408 /* LinkHTTPHeader.h */ = {isa = PBXFileReference; fileEncoding = 4; lastKnownFileType = sourcecode.c.h; path = LinkHTTPHeader.h; sourceTree = "<group>"; };
		586037BF5ED2F535F31A089F /* Authorization.m */ = {isa = PBXFileReference; fileEncoding = 4; lastKnownFileType = sourcecode.c.objc; path = Authorization.m; sourceTree = "<group>"; };
		58603967CABCA46638B83B5E /* KeychainItem.h */ = {isa = PBXFileReference; fileEncoding = 4; lastKnownFileType = sourcecode.c.h; path = KeychainItem.h; sourceTree = "<group>"; };
		58603969C7E29A88B6CE6718 /* NSIndexPath+Array.h */ = {isa = PBXFileReference; fileEncoding = 4; lastKnownFileType = sourcecode.c.h; path = "NSIndexPath+Array.h"; sourceTree = "<group>"; };
		586039C5E1A3DE2363E17A93 /* Commit.h */ = {isa = PBXFileReference; fileEncoding = 4; lastKnownFileType = sourcecode.c.h; path = Commit.h; sourceTree = "<group>"; };
		58603A2405FC5972E32A93A5 /* UITableViewCell+NIB.m */ = {isa = PBXFileReference; fileEncoding = 4; lastKnownFileType = sourcecode.c.objc; path = "UITableViewCell+NIB.m"; sourceTree = "<group>"; };
		58603A7E3D486FD6A1A886E9 /* Authorization.h */ = {isa = PBXFileReference; fileEncoding = 4; lastKnownFileType = sourcecode.c.h; path = Authorization.h; sourceTree = "<group>"; };
		58603EB1CD2B1C64CC021087 /* UITableViewCell+NIB.h */ = {isa = PBXFileReference; fileEncoding = 4; lastKnownFileType = sourcecode.c.h; path = "UITableViewCell+NIB.h"; sourceTree = "<group>"; };
		8447B82115F008C200111D08 /* AuthController.h */ = {isa = PBXFileReference; fileEncoding = 4; lastKnownFileType = sourcecode.c.h; path = AuthController.h; sourceTree = "<group>"; };
		8447B82215F008C200111D08 /* AuthController.m */ = {isa = PBXFileReference; fileEncoding = 4; lastKnownFileType = sourcecode.c.objc; path = AuthController.m; sourceTree = "<group>"; };
		8447B82315F008C200111D08 /* RepositoryListController.h */ = {isa = PBXFileReference; fileEncoding = 4; lastKnownFileType = sourcecode.c.h; path = RepositoryListController.h; sourceTree = "<group>"; };
		8447B82415F008C200111D08 /* RepositoryListController.m */ = {isa = PBXFileReference; fileEncoding = 4; lastKnownFileType = sourcecode.c.objc; path = RepositoryListController.m; sourceTree = "<group>"; };
		8447B82915F008D000111D08 /* AuthController.xib */ = {isa = PBXFileReference; fileEncoding = 4; lastKnownFileType = file.xib; path = AuthController.xib; sourceTree = "<group>"; };
		8447B82A15F008D000111D08 /* RepositoryListController.xib */ = {isa = PBXFileReference; fileEncoding = 4; lastKnownFileType = file.xib; path = RepositoryListController.xib; sourceTree = "<group>"; };
		8447B82D15F008DA00111D08 /* Options.plist */ = {isa = PBXFileReference; fileEncoding = 4; lastKnownFileType = text.plist.xml; path = Options.plist; sourceTree = "<group>"; };
		8447B82F15F00AFE00111D08 /* RestKit.xcodeproj */ = {isa = PBXFileReference; lastKnownFileType = "wrapper.pb-project"; name = RestKit.xcodeproj; path = RestKit/RestKit.xcodeproj; sourceTree = "<group>"; };
		8447B84615F00B8400111D08 /* CFNetwork.framework */ = {isa = PBXFileReference; lastKnownFileType = wrapper.framework; name = CFNetwork.framework; path = System/Library/Frameworks/CFNetwork.framework; sourceTree = SDKROOT; };
		8447B84815F00B9400111D08 /* CoreData.framework */ = {isa = PBXFileReference; lastKnownFileType = wrapper.framework; name = CoreData.framework; path = System/Library/Frameworks/CoreData.framework; sourceTree = SDKROOT; };
		8447B84A15F00B9A00111D08 /* Security.framework */ = {isa = PBXFileReference; lastKnownFileType = wrapper.framework; name = Security.framework; path = System/Library/Frameworks/Security.framework; sourceTree = SDKROOT; };
		8447B84C15F00BA200111D08 /* MobileCoreServices.framework */ = {isa = PBXFileReference; lastKnownFileType = wrapper.framework; name = MobileCoreServices.framework; path = System/Library/Frameworks/MobileCoreServices.framework; sourceTree = SDKROOT; };
		8447B84E15F00BA800111D08 /* SystemConfiguration.framework */ = {isa = PBXFileReference; lastKnownFileType = wrapper.framework; name = SystemConfiguration.framework; path = System/Library/Frameworks/SystemConfiguration.framework; sourceTree = SDKROOT; };
		8447B85015F00BB000111D08 /* libxml2.dylib */ = {isa = PBXFileReference; lastKnownFileType = "compiled.mach-o.dylib"; name = libxml2.dylib; path = usr/lib/libxml2.dylib; sourceTree = SDKROOT; };
		8447B85215F00BBD00111D08 /* QuartzCore.framework */ = {isa = PBXFileReference; lastKnownFileType = wrapper.framework; name = QuartzCore.framework; path = System/Library/Frameworks/QuartzCore.framework; sourceTree = SDKROOT; };
		8497387415F2048A00B2A4B7 /* Repository.h */ = {isa = PBXFileReference; fileEncoding = 4; lastKnownFileType = sourcecode.c.h; path = Repository.h; sourceTree = "<group>"; };
		8497387515F2048A00B2A4B7 /* Repository.m */ = {isa = PBXFileReference; fileEncoding = 4; lastKnownFileType = sourcecode.c.objc; path = Repository.m; sourceTree = "<group>"; };
		8497387715F2077300B2A4B7 /* User.h */ = {isa = PBXFileReference; fileEncoding = 4; lastKnownFileType = sourcecode.c.h; path = User.h; sourceTree = "<group>"; };
		8497387815F2077300B2A4B7 /* User.m */ = {isa = PBXFileReference; fileEncoding = 4; lastKnownFileType = sourcecode.c.objc; path = User.m; sourceTree = "<group>"; };
		849738D215F2765E00B2A4B7 /* RepositoryController.h */ = {isa = PBXFileReference; fileEncoding = 4; lastKnownFileType = sourcecode.c.h; path = RepositoryController.h; sourceTree = "<group>"; };
		849738D315F2765E00B2A4B7 /* RepositoryController.m */ = {isa = PBXFileReference; fileEncoding = 4; lastKnownFileType = sourcecode.c.objc; path = RepositoryController.m; sourceTree = "<group>"; };
		849738D515F276E600B2A4B7 /* RepositoryController.xib */ = {isa = PBXFileReference; fileEncoding = 4; lastKnownFileType = file.xib; path = RepositoryController.xib; sourceTree = "<group>"; };
		8497390B15F285DE00B2A4B7 /* iphone_web.xcodeproj */ = {isa = PBXFileReference; lastKnownFileType = "wrapper.pb-project"; name = iphone_web.xcodeproj; path = iphone_web/iphone_web.xcodeproj; sourceTree = "<group>"; };
		8497397B15F29A7B00B2A4B7 /* CommitListController.h */ = {isa = PBXFileReference; fileEncoding = 4; lastKnownFileType = sourcecode.c.h; path = CommitListController.h; sourceTree = "<group>"; };
		8497397C15F29A7B00B2A4B7 /* CommitListController.m */ = {isa = PBXFileReference; fileEncoding = 4; lastKnownFileType = sourcecode.c.objc; path = CommitListController.m; sourceTree = "<group>"; };
		8497397D15F29A7B00B2A4B7 /* CommitListController.xib */ = {isa = PBXFileReference; fileEncoding = 4; lastKnownFileType = file.xib; path = CommitListController.xib; sourceTree = "<group>"; };
		8497398115F2A11E00B2A4B7 /* CommitCell.h */ = {isa = PBXFileReference; fileEncoding = 4; lastKnownFileType = sourcecode.c.h; path = CommitCell.h; sourceTree = "<group>"; };
		8497398215F2A11E00B2A4B7 /* CommitCell.m */ = {isa = PBXFileReference; fileEncoding = 4; lastKnownFileType = sourcecode.c.objc; path = CommitCell.m; sourceTree = "<group>"; };
		8497398415F2A14F00B2A4B7 /* CommitCell.xib */ = {isa = PBXFileReference; fileEncoding = 4; lastKnownFileType = file.xib; path = CommitCell.xib; sourceTree = "<group>"; };
		84AF23A815EE9792003FE221 /* GitHubber.app */ = {isa = PBXFileReference; explicitFileType = wrapper.application; includeInIndex = 0; path = GitHubber.app; sourceTree = BUILT_PRODUCTS_DIR; };
		84AF23AC15EE9792003FE221 /* UIKit.framework */ = {isa = PBXFileReference; lastKnownFileType = wrapper.framework; name = UIKit.framework; path = System/Library/Frameworks/UIKit.framework; sourceTree = SDKROOT; };
		84AF23AE15EE9792003FE221 /* Foundation.framework */ = {isa = PBXFileReference; lastKnownFileType = wrapper.framework; name = Foundation.framework; path = System/Library/Frameworks/Foundation.framework; sourceTree = SDKROOT; };
		84AF23B015EE9792003FE221 /* CoreGraphics.framework */ = {isa = PBXFileReference; lastKnownFileType = wrapper.framework; name = CoreGraphics.framework; path = System/Library/Frameworks/CoreGraphics.framework; sourceTree = SDKROOT; };
		84AF23B415EE9792003FE221 /* GitHubber-Info.plist */ = {isa = PBXFileReference; lastKnownFileType = text.plist.xml; path = "GitHubber-Info.plist"; sourceTree = "<group>"; };
		84AF23B615EE9792003FE221 /* en */ = {isa = PBXFileReference; lastKnownFileType = text.plist.strings; name = en; path = en.lproj/InfoPlist.strings; sourceTree = "<group>"; };
		84AF23B815EE9792003FE221 /* main.m */ = {isa = PBXFileReference; lastKnownFileType = sourcecode.c.objc; path = main.m; sourceTree = "<group>"; };
		84AF23BA15EE9792003FE221 /* GitHubber-Prefix.pch */ = {isa = PBXFileReference; lastKnownFileType = sourcecode.c.h; path = "GitHubber-Prefix.pch"; sourceTree = "<group>"; };
		84AF23BB15EE9792003FE221 /* AppDelegate.h */ = {isa = PBXFileReference; lastKnownFileType = sourcecode.c.h; path = AppDelegate.h; sourceTree = "<group>"; };
		84AF23BC15EE9792003FE221 /* AppDelegate.m */ = {isa = PBXFileReference; lastKnownFileType = sourcecode.c.objc; path = AppDelegate.m; sourceTree = "<group>"; };
/* End PBXFileReference section */

/* Begin PBXFrameworksBuildPhase section */
		84AF23A515EE9791003FE221 /* Frameworks */ = {
			isa = PBXFrameworksBuildPhase;
			buildActionMask = 2147483647;
			files = (
				8497395415F28C6C00B2A4B7 /* libiphone_web.a in Frameworks */,
				8447B85415F00BC500111D08 /* libRestKit.a in Frameworks */,
				8447B85315F00BBD00111D08 /* QuartzCore.framework in Frameworks */,
				8447B85115F00BB000111D08 /* libxml2.dylib in Frameworks */,
				8447B84F15F00BA800111D08 /* SystemConfiguration.framework in Frameworks */,
				8447B84D15F00BA200111D08 /* MobileCoreServices.framework in Frameworks */,
				8447B84B15F00B9A00111D08 /* Security.framework in Frameworks */,
				8447B84915F00B9400111D08 /* CoreData.framework in Frameworks */,
				8447B84715F00B8400111D08 /* CFNetwork.framework in Frameworks */,
				84AF23AD15EE9792003FE221 /* UIKit.framework in Frameworks */,
				84AF23AF15EE9792003FE221 /* Foundation.framework in Frameworks */,
				84AF23B115EE9792003FE221 /* CoreGraphics.framework in Frameworks */,
			);
			runOnlyForDeploymentPostprocessing = 0;
		};
/* End PBXFrameworksBuildPhase section */

/* Begin PBXGroup section */
		586038377EA271D6CDD4007B /* Helpers */ = {
			isa = PBXGroup;
			children = (
				58603969C7E29A88B6CE6718 /* NSIndexPath+Array.h */,
				5860375565955BD2B6AFAF0C /* NSIndexPath+Array.m */,
				58603EB1CD2B1C64CC021087 /* UITableViewCell+NIB.h */,
				58603A2405FC5972E32A93A5 /* UITableViewCell+NIB.m */,
			);
			name = Helpers;
			sourceTree = "<group>";
		};
		8447B80D15F0079E00111D08 /* Main */ = {
			isa = PBXGroup;
			children = (
				5860314C9881608E0ABA952D /* Singletons.m */,
				58603336189D90E2165C315E /* Singletons.h */,
				8447B82D15F008DA00111D08 /* Options.plist */,
				84AF23BB15EE9792003FE221 /* AppDelegate.h */,
				84AF23BC15EE9792003FE221 /* AppDelegate.m */,
			);
			name = Main;
			sourceTree = "<group>";
		};
		8447B80E15F007A300111D08 /* Controllers */ = {
			isa = PBXGroup;
			children = (
				8497398015F2A10700B2A4B7 /* Cells */,
				8497393D15F289D100B2A4B7 /* Views */,
				8447B82115F008C200111D08 /* AuthController.h */,
				8447B82215F008C200111D08 /* AuthController.m */,
				8447B82315F008C200111D08 /* RepositoryListController.h */,
				8447B82415F008C200111D08 /* RepositoryListController.m */,
				849738D215F2765E00B2A4B7 /* RepositoryController.h */,
				849738D315F2765E00B2A4B7 /* RepositoryController.m */,
				8497397B15F29A7B00B2A4B7 /* CommitListController.h */,
				8497397C15F29A7B00B2A4B7 /* CommitListController.m */,
				586038377EA271D6CDD4007B /* Helpers */,
			);
			name = Controllers;
			sourceTree = "<group>";
		};
		8447B83015F00AFE00111D08 /* Products */ = {
			isa = PBXGroup;
			children = (
				8447B83B15F00AFF00111D08 /* libRestKit.a */,
				8447B83D15F00AFF00111D08 /* RestKitTests.octest */,
				8447B83F15F00AFF00111D08 /* RestKit.framework */,
				8447B84115F00AFF00111D08 /* RestKitFrameworkTests.octest */,
				8447B84315F00AFF00111D08 /* RestKitResources.bundle */,
			);
			name = Products;
			sourceTree = "<group>";
		};
		8497387315F2047000B2A4B7 /* Models */ = {
			isa = PBXGroup;
			children = (
				586037ADFAABDF50F282B408 /* LinkHTTPHeader.h */,
				586036130283780ED80153A9 /* LinkHTTPHeader.m */,
				58603686A6841926BE43B123 /* ApiManager.h */,
				5860324325247E33991A1689 /* ApiManager.m */,
				586039C5E1A3DE2363E17A93 /* Commit.h */,
				58603173A2858B0E1FCA63E0 /* Commit.m */,
				5860304ADB0F269270DB73C7 /* Gravatar.h */,
				5860373888E1C3121E731611 /* Gravatar.m */,
				586036E846816016026B13EA /* KeychainItem.m */,
				58603967CABCA46638B83B5E /* KeychainItem.h */,
				586037BF5ED2F535F31A089F /* Authorization.m */,
				58603A7E3D486FD6A1A886E9 /* Authorization.h */,
				8497387415F2048A00B2A4B7 /* Repository.h */,
				8497387515F2048A00B2A4B7 /* Repository.m */,
				8497387715F2077300B2A4B7 /* User.h */,
				8497387815F2077300B2A4B7 /* User.m */,
			);
			name = Models;
			sourceTree = "<group>";
		};
		8497390C15F285DE00B2A4B7 /* Products */ = {
			isa = PBXGroup;
			children = (
				8497391415F285DE00B2A4B7 /* libiphone_web.a */,
				8497391615F285DE00B2A4B7 /* libmac_web.a */,
			);
			name = Products;
			sourceTree = "<group>";
		};
		8497393D15F289D100B2A4B7 /* Views */ = {
			isa = PBXGroup;
			children = (
				8447B82915F008D000111D08 /* AuthController.xib */,
				8447B82A15F008D000111D08 /* RepositoryListController.xib */,
				849738D515F276E600B2A4B7 /* RepositoryController.xib */,
				8497397D15F29A7B00B2A4B7 /* CommitListController.xib */,
			);
			name = Views;
			sourceTree = "<group>";
		};
		8497398015F2A10700B2A4B7 /* Cells */ = {
			isa = PBXGroup;
			children = (
				8497398115F2A11E00B2A4B7 /* CommitCell.h */,
				8497398215F2A11E00B2A4B7 /* CommitCell.m */,
				8497398415F2A14F00B2A4B7 /* CommitCell.xib */,
			);
			name = Cells;
			sourceTree = "<group>";
		};
		84AF239D15EE9791003FE221 = {
			isa = PBXGroup;
			children = (
				84AF23B215EE9792003FE221 /* GitHubber */,
				84AF23AB15EE9792003FE221 /* Frameworks */,
				84AF23A915EE9792003FE221 /* Products */,
			);
			sourceTree = "<group>";
		};
		84AF23A915EE9792003FE221 /* Products */ = {
			isa = PBXGroup;
			children = (
				84AF23A815EE9792003FE221 /* GitHubber.app */,
			);
			name = Products;
			sourceTree = "<group>";
		};
		84AF23AB15EE9792003FE221 /* Frameworks */ = {
			isa = PBXGroup;
			children = (
				8497390B15F285DE00B2A4B7 /* iphone_web.xcodeproj */,
				8447B85215F00BBD00111D08 /* QuartzCore.framework */,
				8447B85015F00BB000111D08 /* libxml2.dylib */,
				8447B84E15F00BA800111D08 /* SystemConfiguration.framework */,
				8447B84C15F00BA200111D08 /* MobileCoreServices.framework */,
				8447B84A15F00B9A00111D08 /* Security.framework */,
				8447B84815F00B9400111D08 /* CoreData.framework */,
				8447B84615F00B8400111D08 /* CFNetwork.framework */,
				8447B82F15F00AFE00111D08 /* RestKit.xcodeproj */,
				84AF23AC15EE9792003FE221 /* UIKit.framework */,
				84AF23AE15EE9792003FE221 /* Foundation.framework */,
				84AF23B015EE9792003FE221 /* CoreGraphics.framework */,
			);
			name = Frameworks;
			sourceTree = "<group>";
		};
		84AF23B215EE9792003FE221 /* GitHubber */ = {
			isa = PBXGroup;
			children = (
				8497387315F2047000B2A4B7 /* Models */,
				8447B80E15F007A300111D08 /* Controllers */,
				8447B80D15F0079E00111D08 /* Main */,
				84AF23B315EE9792003FE221 /* Supporting Files */,
			);
			path = GitHubber;
			sourceTree = "<group>";
		};
		84AF23B315EE9792003FE221 /* Supporting Files */ = {
			isa = PBXGroup;
			children = (
				84AF23B415EE9792003FE221 /* GitHubber-Info.plist */,
				84AF23B515EE9792003FE221 /* InfoPlist.strings */,
				84AF23B815EE9792003FE221 /* main.m */,
				84AF23BA15EE9792003FE221 /* GitHubber-Prefix.pch */,
			);
			name = "Supporting Files";
			sourceTree = "<group>";
		};
/* End PBXGroup section */

/* Begin PBXNativeTarget section */
		84AF23A715EE9791003FE221 /* GitHubber */ = {
			isa = PBXNativeTarget;
			buildConfigurationList = 84AF23D215EE9792003FE221 /* Build configuration list for PBXNativeTarget "GitHubber" */;
			buildPhases = (
				84AF23A415EE9791003FE221 /* Sources */,
				84AF23A515EE9791003FE221 /* Frameworks */,
				84AF23A615EE9791003FE221 /* Resources */,
			);
			buildRules = (
			);
			dependencies = (
				8447B84515F00B6F00111D08 /* PBXTargetDependency */,
			);
			name = GitHubber;
			productName = GitHubber;
			productReference = 84AF23A815EE9792003FE221 /* GitHubber.app */;
			productType = "com.apple.product-type.application";
		};
/* End PBXNativeTarget section */

/* Begin PBXProject section */
		84AF239F15EE9791003FE221 /* Project object */ = {
			isa = PBXProject;
			attributes = {
				LastUpgradeCheck = 0430;
			};
			buildConfigurationList = 84AF23A215EE9791003FE221 /* Build configuration list for PBXProject "GitHubber" */;
			compatibilityVersion = "Xcode 3.2";
			developmentRegion = English;
			hasScannedForEncodings = 0;
			knownRegions = (
				en,
			);
			mainGroup = 84AF239D15EE9791003FE221;
			productRefGroup = 84AF23A915EE9792003FE221 /* Products */;
			projectDirPath = "";
			projectReferences = (
				{
					ProductGroup = 8497390C15F285DE00B2A4B7 /* Products */;
					ProjectRef = 8497390B15F285DE00B2A4B7 /* iphone_web.xcodeproj */;
				},
				{
					ProductGroup = 8447B83015F00AFE00111D08 /* Products */;
					ProjectRef = 8447B82F15F00AFE00111D08 /* RestKit.xcodeproj */;
				},
			);
			projectRoot = "";
			targets = (
				84AF23A715EE9791003FE221 /* GitHubber */,
			);
		};
/* End PBXProject section */

/* Begin PBXReferenceProxy section */
		8447B83B15F00AFF00111D08 /* libRestKit.a */ = {
			isa = PBXReferenceProxy;
			fileType = archive.ar;
			path = libRestKit.a;
			remoteRef = 8447B83A15F00AFF00111D08 /* PBXContainerItemProxy */;
			sourceTree = BUILT_PRODUCTS_DIR;
		};
		8447B83D15F00AFF00111D08 /* RestKitTests.octest */ = {
			isa = PBXReferenceProxy;
			fileType = wrapper.cfbundle;
			path = RestKitTests.octest;
			remoteRef = 8447B83C15F00AFF00111D08 /* PBXContainerItemProxy */;
			sourceTree = BUILT_PRODUCTS_DIR;
		};
		8447B83F15F00AFF00111D08 /* RestKit.framework */ = {
			isa = PBXReferenceProxy;
			fileType = wrapper.framework;
			path = RestKit.framework;
			remoteRef = 8447B83E15F00AFF00111D08 /* PBXContainerItemProxy */;
			sourceTree = BUILT_PRODUCTS_DIR;
		};
		8447B84115F00AFF00111D08 /* RestKitFrameworkTests.octest */ = {
			isa = PBXReferenceProxy;
			fileType = wrapper.cfbundle;
			path = RestKitFrameworkTests.octest;
			remoteRef = 8447B84015F00AFF00111D08 /* PBXContainerItemProxy */;
			sourceTree = BUILT_PRODUCTS_DIR;
		};
		8447B84315F00AFF00111D08 /* RestKitResources.bundle */ = {
			isa = PBXReferenceProxy;
			fileType = wrapper.cfbundle;
			path = RestKitResources.bundle;
			remoteRef = 8447B84215F00AFF00111D08 /* PBXContainerItemProxy */;
			sourceTree = BUILT_PRODUCTS_DIR;
		};
		8497391415F285DE00B2A4B7 /* libiphone_web.a */ = {
			isa = PBXReferenceProxy;
			fileType = archive.ar;
			path = libiphone_web.a;
			remoteRef = 8497391315F285DE00B2A4B7 /* PBXContainerItemProxy */;
			sourceTree = BUILT_PRODUCTS_DIR;
		};
		8497391615F285DE00B2A4B7 /* libmac_web.a */ = {
			isa = PBXReferenceProxy;
			fileType = archive.ar;
			path = libmac_web.a;
			remoteRef = 8497391515F285DE00B2A4B7 /* PBXContainerItemProxy */;
			sourceTree = BUILT_PRODUCTS_DIR;
		};
/* End PBXReferenceProxy section */

/* Begin PBXResourcesBuildPhase section */
		84AF23A615EE9791003FE221 /* Resources */ = {
			isa = PBXResourcesBuildPhase;
			buildActionMask = 2147483647;
			files = (
				84AF23B715EE9792003FE221 /* InfoPlist.strings in Resources */,
				8447B82B15F008D000111D08 /* AuthController.xib in Resources */,
				8447B82C15F008D000111D08 /* RepositoryListController.xib in Resources */,
				8447B82E15F008DA00111D08 /* Options.plist in Resources */,
				849738D615F276E600B2A4B7 /* RepositoryController.xib in Resources */,
				8497397F15F29A7B00B2A4B7 /* CommitListController.xib in Resources */,
				8497398515F2A14F00B2A4B7 /* CommitCell.xib in Resources */,
			);
			runOnlyForDeploymentPostprocessing = 0;
		};
/* End PBXResourcesBuildPhase section */

/* Begin PBXSourcesBuildPhase section */
		84AF23A415EE9791003FE221 /* Sources */ = {
			isa = PBXSourcesBuildPhase;
			buildActionMask = 2147483647;
			files = (
				84AF23B915EE9792003FE221 /* main.m in Sources */,
				84AF23BD15EE9792003FE221 /* AppDelegate.m in Sources */,
				8447B82515F008C200111D08 /* AuthController.m in Sources */,
				8447B82615F008C200111D08 /* RepositoryListController.m in Sources */,
				8497387615F2048A00B2A4B7 /* Repository.m in Sources */,
				8497387915F2077300B2A4B7 /* User.m in Sources */,
				586030310E8FB8A81F352B38 /* Authorization.m in Sources */,
				5860389D3EC5BFFF69478C85 /* KeychainItem.m in Sources */,
				849738D415F2765E00B2A4B7 /* RepositoryController.m in Sources */,
				58603F685483191FD7C262D4 /* Singletons.m in Sources */,
				586031E333224417B7E8B77F /* Gravatar.m in Sources */,
				5860352B37CEAA30179AA7E0 /* Commit.m in Sources */,
				8497397E15F29A7B00B2A4B7 /* CommitListController.m in Sources */,
				8497398315F2A11E00B2A4B7 /* CommitCell.m in Sources */,
				58603BB4999F35596D445A74 /* UITableViewCell+NIB.m in Sources */,
				5860317340E2CCC159C2B965 /* ApiManager.m in Sources */,
				58603B32954399770616E522 /* LinkHTTPHeader.m in Sources */,
				586035BC19373885C4049684 /* NSIndexPath+Array.m in Sources */,
			);
			runOnlyForDeploymentPostprocessing = 0;
		};
/* End PBXSourcesBuildPhase section */

/* Begin PBXTargetDependency section */
		8447B84515F00B6F00111D08 /* PBXTargetDependency */ = {
			isa = PBXTargetDependency;
			name = RestKit;
			targetProxy = 8447B84415F00B6F00111D08 /* PBXContainerItemProxy */;
		};
/* End PBXTargetDependency section */

/* Begin PBXVariantGroup section */
		84AF23B515EE9792003FE221 /* InfoPlist.strings */ = {
			isa = PBXVariantGroup;
			children = (
				84AF23B615EE9792003FE221 /* en */,
			);
			name = InfoPlist.strings;
			sourceTree = "<group>";
		};
/* End PBXVariantGroup section */

/* Begin XCBuildConfiguration section */
		84AF23D015EE9792003FE221 /* Debug */ = {
			isa = XCBuildConfiguration;
			buildSettings = {
				ALWAYS_SEARCH_USER_PATHS = NO;
				ARCHS = "$(ARCHS_STANDARD_32_BIT)";
				CLANG_ENABLE_OBJC_ARC = YES;
				"CODE_SIGN_IDENTITY[sdk=iphoneos*]" = "iPhone Developer";
				COPY_PHASE_STRIP = NO;
				GCC_C_LANGUAGE_STANDARD = gnu99;
				GCC_DYNAMIC_NO_PIC = NO;
				GCC_OPTIMIZATION_LEVEL = 0;
				GCC_PREPROCESSOR_DEFINITIONS = (
					"DEBUG=1",
					"$(inherited)",
				);
				GCC_SYMBOLS_PRIVATE_EXTERN = NO;
				GCC_VERSION = com.apple.compilers.llvm.clang.1_0;
				GCC_WARN_ABOUT_RETURN_TYPE = YES;
				GCC_WARN_UNINITIALIZED_AUTOS = YES;
				GCC_WARN_UNUSED_VARIABLE = YES;
				HEADER_SEARCH_PATHS = "\"$(BUILT_PRODUCTS_DIR)/../../Headers\"";
				IPHONEOS_DEPLOYMENT_TARGET = 4.0;
				OTHER_LDFLAGS = (
					"-ObjC",
					"-all_load",
				);
				SDKROOT = iphoneos;
				TARGETED_DEVICE_FAMILY = "1,2";
			};
			name = Debug;
		};
		84AF23D115EE9792003FE221 /* Release */ = {
			isa = XCBuildConfiguration;
			buildSettings = {
				ALWAYS_SEARCH_USER_PATHS = NO;
				ARCHS = "$(ARCHS_STANDARD_32_BIT)";
				CLANG_ENABLE_OBJC_ARC = YES;
				"CODE_SIGN_IDENTITY[sdk=iphoneos*]" = "iPhone Developer";
				COPY_PHASE_STRIP = YES;
				GCC_C_LANGUAGE_STANDARD = gnu99;
				GCC_VERSION = com.apple.compilers.llvm.clang.1_0;
				GCC_WARN_ABOUT_RETURN_TYPE = YES;
				GCC_WARN_UNINITIALIZED_AUTOS = YES;
				GCC_WARN_UNUSED_VARIABLE = YES;
				HEADER_SEARCH_PATHS = "\"$(BUILT_PRODUCTS_DIR)/../../Headers\"";
				IPHONEOS_DEPLOYMENT_TARGET = 4.0;
				OTHER_CFLAGS = "-DNS_BLOCK_ASSERTIONS=1";
				OTHER_LDFLAGS = (
					"-ObjC",
					"-all_load",
				);
				SDKROOT = iphoneos;
				TARGETED_DEVICE_FAMILY = "1,2";
				VALIDATE_PRODUCT = YES;
			};
			name = Release;
		};
		84AF23D315EE9792003FE221 /* Debug */ = {
			isa = XCBuildConfiguration;
			buildSettings = {
				GCC_PRECOMPILE_PREFIX_HEADER = YES;
				GCC_PREFIX_HEADER = "GitHubber/GitHubber-Prefix.pch";
				INFOPLIST_FILE = "GitHubber/GitHubber-Info.plist";
				IPHONEOS_DEPLOYMENT_TARGET = 4.0;
				PRODUCT_NAME = "$(TARGET_NAME)";
				USER_HEADER_SEARCH_PATHS = "\"${PROJECT_DIR}/RestKit\"/** \"${PROJECT_DIR}/iphone_web\"/**";
				WRAPPER_EXTENSION = app;
			};
			name = Debug;
		};
		84AF23D415EE9792003FE221 /* Release */ = {
			isa = XCBuildConfiguration;
			buildSettings = {
				GCC_PRECOMPILE_PREFIX_HEADER = YES;
				GCC_PREFIX_HEADER = "GitHubber/GitHubber-Prefix.pch";
				INFOPLIST_FILE = "GitHubber/GitHubber-Info.plist";
				IPHONEOS_DEPLOYMENT_TARGET = 4.0;
				PRODUCT_NAME = "$(TARGET_NAME)";
				USER_HEADER_SEARCH_PATHS = "\"${PROJECT_DIR}/RestKit\"/** \"${PROJECT_DIR}/iphone_web\"/**";
				WRAPPER_EXTENSION = app;
			};
			name = Release;
		};
/* End XCBuildConfiguration section */

/* Begin XCConfigurationList section */
		84AF23A215EE9791003FE221 /* Build configuration list for PBXProject "GitHubber" */ = {
			isa = XCConfigurationList;
			buildConfigurations = (
				84AF23D015EE9792003FE221 /* Debug */,
				84AF23D115EE9792003FE221 /* Release */,
			);
			defaultConfigurationIsVisible = 0;
			defaultConfigurationName = Release;
		};
		84AF23D215EE9792003FE221 /* Build configuration list for PBXNativeTarget "GitHubber" */ = {
			isa = XCConfigurationList;
			buildConfigurations = (
				84AF23D315EE9792003FE221 /* Debug */,
				84AF23D415EE9792003FE221 /* Release */,
			);
			defaultConfigurationIsVisible = 0;
			defaultConfigurationName = Release;
		};
/* End XCConfigurationList section */
	};
	rootObject = 84AF239F15EE9791003FE221 /* Project object */;
}
